
Microsoft Visual Studio Solution File, Format Version 12.00
# Visual Studio 15
VisualStudioVersion = 15.0.28307.852
MinimumVisualStudioVersion = 10.0.40219.1
Project("{FAE04EC0-301F-11D3-BF4B-00C04F79EFBC}") = "Dull_Lab_8", "Dull_Lab_8\Dull_Lab_8.csproj", "{CE499FFA-417C-47DE-B970-25FFEE4A551C}"
EndProject
Project("{FAE04EC0-301F-11D3-BF4B-00C04F79EFBC}") = "Dull_Lab_8Tests", "Dull_Lab_8Tests\Dull_Lab_8Tests.csproj", "{76319199-AC8A-4B38-9F41-DDE6D4868C47}"
EndProject
Global
	GlobalSection(SolutionConfigurationPlatforms) = preSolution
		Debug|Any CPU = Debug|Any CPU
		Release|Any CPU = Release|Any CPU
	EndGlobalSection
	GlobalSection(ProjectConfigurationPlatforms) = postSolution
		{CE499FFA-417C-47DE-B970-25FFEE4A551C}.Debug|Any CPU.ActiveCfg = Debug|Any CPU
		{CE499FFA-417C-47DE-B970-25FFEE4A551C}.Debug|Any CPU.Build.0 = Debug|Any CPU
		{CE499FFA-417C-47DE-B970-25FFEE4A551C}.Release|Any CPU.ActiveCfg = Release|Any CPU
		{CE499FFA-417C-47DE-B970-25FFEE4A551C}.Release|Any CPU.Build.0 = Release|Any CPU
		{76319199-AC8A-4B38-9F41-DDE6D4868C47}.Debug|Any CPU.ActiveCfg = Debug|Any CPU
		{76319199-AC8A-4B38-9F41-DDE6D4868C47}.Debug|Any CPU.Build.0 = Debug|Any CPU
		{76319199-AC8A-4B38-9F41-DDE6D4868C47}.Release|Any CPU.ActiveCfg = Release|Any CPU
		{76319199-AC8A-4B38-9F41-DDE6D4868C47}.Release|Any CPU.Build.0 = Release|Any CPU
	EndGlobalSection
	GlobalSection(SolutionProperties) = preSolution
		HideSolutionNode = FALSE
	EndGlobalSection
	GlobalSection(ExtensibilityGlobals) = postSolution
		SolutionGuid = {D056E908-713F-48D9-B618-75ECB8261DEC}
	EndGlobalSection
EndGlobal
